
Microsoft Visual Studio Solution File, Format Version 12.00
# Visual Studio 15
VisualStudioVersion = 15.0.26621.2
MinimumVisualStudioVersion = 10.0.40219.1
Project("{2150E333-8FDC-42A3-9474-1A3956D46DE8}") = "Loom.Tests", "Loom.Tests", "{EB463AFF-7004-449C-9E9F-0EAAA5203A5E}"
EndProject
Project("{FAE04EC0-301F-11D3-BF4B-00C04F79EFBC}") = "Loom", "Loom\Loom.csproj", "{49A9240F-C57E-4BE4-AF04-92229AC5EB1E}"
EndProject
Project("{FAE04EC0-301F-11D3-BF4B-00C04F79EFBC}") = "Loom.Data", "Loom.Data\Loom.Data.csproj", "{C8ECEFFB-5041-4D4A-AAFE-534D9556DEE5}"
EndProject
Project("{FAE04EC0-301F-11D3-BF4B-00C04F79EFBC}") = "Loom.Drawing", "Loom.Drawing\Loom.Drawing.csproj", "{F960D46E-260B-4D45-B4A9-CE41018E19B5}"
EndProject
Project("{FAE04EC0-301F-11D3-BF4B-00C04F79EFBC}") = "Loom.Web", "Loom.Web\Loom.Web.csproj", "{31AC047C-B7F3-4B3E-A163-9518399899DF}"
EndProject
Project("{FAE04EC0-301F-11D3-BF4B-00C04F79EFBC}") = "Loom.Web.Portal.WebTests", "Loom.Web.Portal.WebTests\Loom.Web.Portal.WebTests.csproj", "{B4AC81C7-D468-46AA-AC75-BACD883630BA}"
EndProject
Project("{FAE04EC0-301F-11D3-BF4B-00C04F79EFBC}") = "Loom.CodeGeneration", "Loom.CodeGeneration\Loom.CodeGeneration.csproj", "{FA52CA1E-C2BF-4469-BFB3-BCD246C35357}"
EndProject
Project("{FAE04EC0-301F-11D3-BF4B-00C04F79EFBC}") = "Loom.Documents", "Loom.Documents\Loom.Documents.csproj", "{CA258424-3737-458C-9729-CC5118EE9CD8}"
EndProject
Project("{FAE04EC0-301F-11D3-BF4B-00C04F79EFBC}") = "Loom.IntegrationTests", "Loom.IntegrationTests\Loom.IntegrationTests.csproj", "{FD65A3BA-578E-4311-B5CD-9788ECE549BE}"
EndProject
Project("{FAE04EC0-301F-11D3-BF4B-00C04F79EFBC}") = "Loom.Net", "Loom.Net\Loom.Net.csproj", "{14924C61-0135-4B3C-91B5-C660EAD69242}"
EndProject
Project("{FAE04EC0-301F-11D3-BF4B-00C04F79EFBC}") = "Loom.Reporting", "Loom.Reporting\Loom.Reporting.csproj", "{61408BD8-E01E-4D99-A6D7-D07F045E2DD7}"
EndProject
Project("{FAE04EC0-301F-11D3-BF4B-00C04F79EFBC}") = "Loom.UnitTests", "Loom.UnitTests\Loom.UnitTests.csproj", "{5696A27F-C21C-43E3-B25F-0AA482E09E34}"
EndProject
Project("{FAE04EC0-301F-11D3-BF4B-00C04F79EFBC}") = "Loom.Windows.Forms", "Loom.Windows.Forms\Loom.Windows.Forms.csproj", "{A7D312DC-D8E5-494B-BAD8-5FC8D854256B}"
EndProject
Project("{FAE04EC0-301F-11D3-BF4B-00C04F79EFBC}") = "Loom.Windows.Forms.Tests", "Loom.Windows.Forms.Tests\Loom.Windows.Forms.Tests.csproj", "{A6CB91FD-0A95-419C-94B5-B79441857092}"
EndProject
Project("{FAE04EC0-301F-11D3-BF4B-00C04F79EFBC}") = "Loom.Web.Tests", "Loom.Web.Tests\Loom.Web.Tests.csproj", "{A4C970AC-B6DA-45EA-BDEC-6AD091B7567D}"
EndProject
Project("{FAE04EC0-301F-11D3-BF4B-00C04F79EFBC}") = "Loom.Web.Portal", "Loom.Web.Portal\Loom.Web.Portal.csproj", "{70F3A52E-AD69-4D80-A59A-86231D5F5167}"
EndProject
Project("{FAE04EC0-301F-11D3-BF4B-00C04F79EFBC}") = "Loom.Web.Services", "Loom.Web.Services\Loom.Web.Services.csproj", "{D2D31ABF-44B8-4963-8ED0-6DB9E8CB01C7}"
EndProject
Project("{FAE04EC0-301F-11D3-BF4B-00C04F79EFBC}") = "Loom.Web.Portal.Client", "Loom.Web.Portal.Client\Loom.Web.Portal.Client.csproj", "{018EE86A-BE88-4034-9D0E-4C58EDA3509B}"
EndProject
Project("{FAE04EC0-301F-11D3-BF4B-00C04F79EFBC}") = "Loom.Data.Mapping", "Loom.Data.Mapping\Loom.Data.Mapping.csproj", "{4BAD6CFD-1008-4857-A6FC-00F636098839}"
EndProject
Project("{2150E333-8FDC-42A3-9474-1A3956D46DE8}") = "Shared", "Shared", "{2F5F3519-0F73-4671-9162-B19690B3286C}"
	ProjectSection(SolutionItems) = preProject
		Shared\cportal-0.1.js = Shared\cportal-0.1.js
		Shared\cportal-0.1.min.js = Shared\cportal-0.1.min.js
		Shared\Loom.ico = Shared\Loom.ico
	EndProjectSection
EndProject
Project("{FAE04EC0-301F-11D3-BF4B-00C04F79EFBC}") = "Loom.Design", "Loom.Design\Loom.Design.csproj", "{BDE6F789-021E-45F4-9DFA-5B819597F0BE}"
EndProject
Global
	GlobalSection(SolutionConfigurationPlatforms) = preSolution
		Debug|Any CPU = Debug|Any CPU
		Debug|Mixed Platforms = Debug|Mixed Platforms
		Debug|x64 = Debug|x64
		Debug|x86 = Debug|x86
		Release|Any CPU = Release|Any CPU
		Release|Mixed Platforms = Release|Mixed Platforms
		Release|x64 = Release|x64
		Release|x86 = Release|x86
	EndGlobalSection
	GlobalSection(ProjectConfigurationPlatforms) = postSolution
		{49A9240F-C57E-4BE4-AF04-92229AC5EB1E}.Debug|Any CPU.ActiveCfg = Debug|Any CPU
		{49A9240F-C57E-4BE4-AF04-92229AC5EB1E}.Debug|Any CPU.Build.0 = Debug|Any CPU
		{49A9240F-C57E-4BE4-AF04-92229AC5EB1E}.Debug|Mixed Platforms.ActiveCfg = Debug|x86
		{49A9240F-C57E-4BE4-AF04-92229AC5EB1E}.Debug|Mixed Platforms.Build.0 = Debug|x86
		{49A9240F-C57E-4BE4-AF04-92229AC5EB1E}.Debug|x64.ActiveCfg = Debug|x64
		{49A9240F-C57E-4BE4-AF04-92229AC5EB1E}.Debug|x64.Build.0 = Debug|x64
		{49A9240F-C57E-4BE4-AF04-92229AC5EB1E}.Debug|x86.ActiveCfg = Debug|x86
		{49A9240F-C57E-4BE4-AF04-92229AC5EB1E}.Debug|x86.Build.0 = Debug|x86
		{49A9240F-C57E-4BE4-AF04-92229AC5EB1E}.Release|Any CPU.ActiveCfg = Release|Any CPU
		{49A9240F-C57E-4BE4-AF04-92229AC5EB1E}.Release|Any CPU.Build.0 = Release|Any CPU
		{49A9240F-C57E-4BE4-AF04-92229AC5EB1E}.Release|Mixed Platforms.ActiveCfg = Release|x86
		{49A9240F-C57E-4BE4-AF04-92229AC5EB1E}.Release|Mixed Platforms.Build.0 = Release|x86
		{49A9240F-C57E-4BE4-AF04-92229AC5EB1E}.Release|x64.ActiveCfg = Release|x64
		{49A9240F-C57E-4BE4-AF04-92229AC5EB1E}.Release|x64.Build.0 = Release|x64
		{49A9240F-C57E-4BE4-AF04-92229AC5EB1E}.Release|x86.ActiveCfg = Release|x86
		{49A9240F-C57E-4BE4-AF04-92229AC5EB1E}.Release|x86.Build.0 = Release|x86
		{C8ECEFFB-5041-4D4A-AAFE-534D9556DEE5}.Debug|Any CPU.ActiveCfg = Debug|Any CPU
		{C8ECEFFB-5041-4D4A-AAFE-534D9556DEE5}.Debug|Any CPU.Build.0 = Debug|Any CPU
		{C8ECEFFB-5041-4D4A-AAFE-534D9556DEE5}.Debug|Mixed Platforms.ActiveCfg = Debug|x86
		{C8ECEFFB-5041-4D4A-AAFE-534D9556DEE5}.Debug|Mixed Platforms.Build.0 = Debug|x86
		{C8ECEFFB-5041-4D4A-AAFE-534D9556DEE5}.Debug|x64.ActiveCfg = Debug|x64
		{C8ECEFFB-5041-4D4A-AAFE-534D9556DEE5}.Debug|x64.Build.0 = Debug|x64
		{C8ECEFFB-5041-4D4A-AAFE-534D9556DEE5}.Debug|x86.ActiveCfg = Debug|x86
		{C8ECEFFB-5041-4D4A-AAFE-534D9556DEE5}.Debug|x86.Build.0 = Debug|x86
		{C8ECEFFB-5041-4D4A-AAFE-534D9556DEE5}.Release|Any CPU.ActiveCfg = Release|Any CPU
		{C8ECEFFB-5041-4D4A-AAFE-534D9556DEE5}.Release|Any CPU.Build.0 = Release|Any CPU
		{C8ECEFFB-5041-4D4A-AAFE-534D9556DEE5}.Release|Mixed Platforms.ActiveCfg = Release|x86
		{C8ECEFFB-5041-4D4A-AAFE-534D9556DEE5}.Release|Mixed Platforms.Build.0 = Release|x86
		{C8ECEFFB-5041-4D4A-AAFE-534D9556DEE5}.Release|x64.ActiveCfg = Release|x64
		{C8ECEFFB-5041-4D4A-AAFE-534D9556DEE5}.Release|x64.Build.0 = Release|x64
		{C8ECEFFB-5041-4D4A-AAFE-534D9556DEE5}.Release|x86.ActiveCfg = Release|x86
		{C8ECEFFB-5041-4D4A-AAFE-534D9556DEE5}.Release|x86.Build.0 = Release|x86
		{F960D46E-260B-4D45-B4A9-CE41018E19B5}.Debug|Any CPU.ActiveCfg = Debug|Any CPU
		{F960D46E-260B-4D45-B4A9-CE41018E19B5}.Debug|Any CPU.Build.0 = Debug|Any CPU
		{F960D46E-260B-4D45-B4A9-CE41018E19B5}.Debug|Mixed Platforms.ActiveCfg = Debug|x86
		{F960D46E-260B-4D45-B4A9-CE41018E19B5}.Debug|Mixed Platforms.Build.0 = Debug|x86
		{F960D46E-260B-4D45-B4A9-CE41018E19B5}.Debug|x64.ActiveCfg = Debug|x64
		{F960D46E-260B-4D45-B4A9-CE41018E19B5}.Debug|x64.Build.0 = Debug|x64
		{F960D46E-260B-4D45-B4A9-CE41018E19B5}.Debug|x86.ActiveCfg = Debug|x86
		{F960D46E-260B-4D45-B4A9-CE41018E19B5}.Debug|x86.Build.0 = Debug|x86
		{F960D46E-260B-4D45-B4A9-CE41018E19B5}.Release|Any CPU.ActiveCfg = Release|Any CPU
		{F960D46E-260B-4D45-B4A9-CE41018E19B5}.Release|Any CPU.Build.0 = Release|Any CPU
		{F960D46E-260B-4D45-B4A9-CE41018E19B5}.Release|Mixed Platforms.ActiveCfg = Release|x86
		{F960D46E-260B-4D45-B4A9-CE41018E19B5}.Release|Mixed Platforms.Build.0 = Release|x86
		{F960D46E-260B-4D45-B4A9-CE41018E19B5}.Release|x64.ActiveCfg = Release|x64
		{F960D46E-260B-4D45-B4A9-CE41018E19B5}.Release|x64.Build.0 = Release|x64
		{F960D46E-260B-4D45-B4A9-CE41018E19B5}.Release|x86.ActiveCfg = Release|x86
		{F960D46E-260B-4D45-B4A9-CE41018E19B5}.Release|x86.Build.0 = Release|x86
		{31AC047C-B7F3-4B3E-A163-9518399899DF}.Debug|Any CPU.ActiveCfg = Debug|Any CPU
		{31AC047C-B7F3-4B3E-A163-9518399899DF}.Debug|Any CPU.Build.0 = Debug|Any CPU
		{31AC047C-B7F3-4B3E-A163-9518399899DF}.Debug|Mixed Platforms.ActiveCfg = Debug|x86
		{31AC047C-B7F3-4B3E-A163-9518399899DF}.Debug|Mixed Platforms.Build.0 = Debug|x86
		{31AC047C-B7F3-4B3E-A163-9518399899DF}.Debug|x64.ActiveCfg = Debug|x64
		{31AC047C-B7F3-4B3E-A163-9518399899DF}.Debug|x64.Build.0 = Debug|x64
		{31AC047C-B7F3-4B3E-A163-9518399899DF}.Debug|x86.ActiveCfg = Debug|x86
		{31AC047C-B7F3-4B3E-A163-9518399899DF}.Debug|x86.Build.0 = Debug|x86
		{31AC047C-B7F3-4B3E-A163-9518399899DF}.Release|Any CPU.ActiveCfg = Release|Any CPU
		{31AC047C-B7F3-4B3E-A163-9518399899DF}.Release|Any CPU.Build.0 = Release|Any CPU
		{31AC047C-B7F3-4B3E-A163-9518399899DF}.Release|Mixed Platforms.ActiveCfg = Release|x86
		{31AC047C-B7F3-4B3E-A163-9518399899DF}.Release|Mixed Platforms.Build.0 = Release|x86
		{31AC047C-B7F3-4B3E-A163-9518399899DF}.Release|x64.ActiveCfg = Release|x64
		{31AC047C-B7F3-4B3E-A163-9518399899DF}.Release|x64.Build.0 = Release|x64
		{31AC047C-B7F3-4B3E-A163-9518399899DF}.Release|x86.ActiveCfg = Release|x86
		{31AC047C-B7F3-4B3E-A163-9518399899DF}.Release|x86.Build.0 = Release|x86
		{B4AC81C7-D468-46AA-AC75-BACD883630BA}.Debug|Any CPU.ActiveCfg = Debug|Any CPU
		{B4AC81C7-D468-46AA-AC75-BACD883630BA}.Debug|Any CPU.Build.0 = Debug|Any CPU
		{B4AC81C7-D468-46AA-AC75-BACD883630BA}.Debug|Mixed Platforms.ActiveCfg = Debug|x86
		{B4AC81C7-D468-46AA-AC75-BACD883630BA}.Debug|Mixed Platforms.Build.0 = Debug|x86
		{B4AC81C7-D468-46AA-AC75-BACD883630BA}.Debug|x64.ActiveCfg = Debug|x64
		{B4AC81C7-D468-46AA-AC75-BACD883630BA}.Debug|x64.Build.0 = Debug|x64
		{B4AC81C7-D468-46AA-AC75-BACD883630BA}.Debug|x86.ActiveCfg = Debug|x86
		{B4AC81C7-D468-46AA-AC75-BACD883630BA}.Debug|x86.Build.0 = Debug|x86
		{B4AC81C7-D468-46AA-AC75-BACD883630BA}.Release|Any CPU.ActiveCfg = Release|Any CPU
		{B4AC81C7-D468-46AA-AC75-BACD883630BA}.Release|Any CPU.Build.0 = Release|Any CPU
		{B4AC81C7-D468-46AA-AC75-BACD883630BA}.Release|Mixed Platforms.ActiveCfg = Release|x86
		{B4AC81C7-D468-46AA-AC75-BACD883630BA}.Release|Mixed Platforms.Build.0 = Release|x86
		{B4AC81C7-D468-46AA-AC75-BACD883630BA}.Release|x64.ActiveCfg = Release|x64
		{B4AC81C7-D468-46AA-AC75-BACD883630BA}.Release|x64.Build.0 = Release|x64
		{B4AC81C7-D468-46AA-AC75-BACD883630BA}.Release|x86.ActiveCfg = Release|x86
		{B4AC81C7-D468-46AA-AC75-BACD883630BA}.Release|x86.Build.0 = Release|x86
		{FA52CA1E-C2BF-4469-BFB3-BCD246C35357}.Debug|Any CPU.ActiveCfg = Debug|Any CPU
		{FA52CA1E-C2BF-4469-BFB3-BCD246C35357}.Debug|Any CPU.Build.0 = Debug|Any CPU
		{FA52CA1E-C2BF-4469-BFB3-BCD246C35357}.Debug|Mixed Platforms.ActiveCfg = Debug|x86
		{FA52CA1E-C2BF-4469-BFB3-BCD246C35357}.Debug|Mixed Platforms.Build.0 = Debug|x86
		{FA52CA1E-C2BF-4469-BFB3-BCD246C35357}.Debug|x64.ActiveCfg = Debug|x64
		{FA52CA1E-C2BF-4469-BFB3-BCD246C35357}.Debug|x64.Build.0 = Debug|x64
		{FA52CA1E-C2BF-4469-BFB3-BCD246C35357}.Debug|x86.ActiveCfg = Debug|x86
		{FA52CA1E-C2BF-4469-BFB3-BCD246C35357}.Debug|x86.Build.0 = Debug|x86
		{FA52CA1E-C2BF-4469-BFB3-BCD246C35357}.Release|Any CPU.ActiveCfg = Release|Any CPU
		{FA52CA1E-C2BF-4469-BFB3-BCD246C35357}.Release|Any CPU.Build.0 = Release|Any CPU
		{FA52CA1E-C2BF-4469-BFB3-BCD246C35357}.Release|Mixed Platforms.ActiveCfg = Release|x86
		{FA52CA1E-C2BF-4469-BFB3-BCD246C35357}.Release|Mixed Platforms.Build.0 = Release|x86
		{FA52CA1E-C2BF-4469-BFB3-BCD246C35357}.Release|x64.ActiveCfg = Release|x64
		{FA52CA1E-C2BF-4469-BFB3-BCD246C35357}.Release|x64.Build.0 = Release|x64
		{FA52CA1E-C2BF-4469-BFB3-BCD246C35357}.Release|x86.ActiveCfg = Release|x86
		{FA52CA1E-C2BF-4469-BFB3-BCD246C35357}.Release|x86.Build.0 = Release|x86
		{CA258424-3737-458C-9729-CC5118EE9CD8}.Debug|Any CPU.ActiveCfg = Debug|Any CPU
		{CA258424-3737-458C-9729-CC5118EE9CD8}.Debug|Any CPU.Build.0 = Debug|Any CPU
		{CA258424-3737-458C-9729-CC5118EE9CD8}.Debug|Mixed Platforms.ActiveCfg = Debug|x86
		{CA258424-3737-458C-9729-CC5118EE9CD8}.Debug|Mixed Platforms.Build.0 = Debug|x86
		{CA258424-3737-458C-9729-CC5118EE9CD8}.Debug|x64.ActiveCfg = Debug|x64
		{CA258424-3737-458C-9729-CC5118EE9CD8}.Debug|x64.Build.0 = Debug|x64
		{CA258424-3737-458C-9729-CC5118EE9CD8}.Debug|x86.ActiveCfg = Debug|x86
		{CA258424-3737-458C-9729-CC5118EE9CD8}.Debug|x86.Build.0 = Debug|x86
		{CA258424-3737-458C-9729-CC5118EE9CD8}.Release|Any CPU.ActiveCfg = Release|Any CPU
		{CA258424-3737-458C-9729-CC5118EE9CD8}.Release|Any CPU.Build.0 = Release|Any CPU
		{CA258424-3737-458C-9729-CC5118EE9CD8}.Release|Mixed Platforms.ActiveCfg = Release|x86
		{CA258424-3737-458C-9729-CC5118EE9CD8}.Release|Mixed Platforms.Build.0 = Release|x86
		{CA258424-3737-458C-9729-CC5118EE9CD8}.Release|x64.ActiveCfg = Release|x64
		{CA258424-3737-458C-9729-CC5118EE9CD8}.Release|x64.Build.0 = Release|x64
		{CA258424-3737-458C-9729-CC5118EE9CD8}.Release|x86.ActiveCfg = Release|x86
		{CA258424-3737-458C-9729-CC5118EE9CD8}.Release|x86.Build.0 = Release|x86
		{FD65A3BA-578E-4311-B5CD-9788ECE549BE}.Debug|Any CPU.ActiveCfg = Debug|Any CPU
		{FD65A3BA-578E-4311-B5CD-9788ECE549BE}.Debug|Any CPU.Build.0 = Debug|Any CPU
		{FD65A3BA-578E-4311-B5CD-9788ECE549BE}.Debug|Mixed Platforms.ActiveCfg = Debug|x86
		{FD65A3BA-578E-4311-B5CD-9788ECE549BE}.Debug|Mixed Platforms.Build.0 = Debug|x86
		{FD65A3BA-578E-4311-B5CD-9788ECE549BE}.Debug|x64.ActiveCfg = Debug|x64
		{FD65A3BA-578E-4311-B5CD-9788ECE549BE}.Debug|x64.Build.0 = Debug|x64
		{FD65A3BA-578E-4311-B5CD-9788ECE549BE}.Debug|x86.ActiveCfg = Debug|x86
		{FD65A3BA-578E-4311-B5CD-9788ECE549BE}.Debug|x86.Build.0 = Debug|x86
		{FD65A3BA-578E-4311-B5CD-9788ECE549BE}.Release|Any CPU.ActiveCfg = Release|Any CPU
		{FD65A3BA-578E-4311-B5CD-9788ECE549BE}.Release|Any CPU.Build.0 = Release|Any CPU
		{FD65A3BA-578E-4311-B5CD-9788ECE549BE}.Release|Mixed Platforms.ActiveCfg = Release|x86
		{FD65A3BA-578E-4311-B5CD-9788ECE549BE}.Release|Mixed Platforms.Build.0 = Release|x86
		{FD65A3BA-578E-4311-B5CD-9788ECE549BE}.Release|x64.ActiveCfg = Release|x64
		{FD65A3BA-578E-4311-B5CD-9788ECE549BE}.Release|x64.Build.0 = Release|x64
		{FD65A3BA-578E-4311-B5CD-9788ECE549BE}.Release|x86.ActiveCfg = Release|x86
		{FD65A3BA-578E-4311-B5CD-9788ECE549BE}.Release|x86.Build.0 = Release|x86
		{14924C61-0135-4B3C-91B5-C660EAD69242}.Debug|Any CPU.ActiveCfg = Debug|Any CPU
		{14924C61-0135-4B3C-91B5-C660EAD69242}.Debug|Any CPU.Build.0 = Debug|Any CPU
		{14924C61-0135-4B3C-91B5-C660EAD69242}.Debug|Mixed Platforms.ActiveCfg = Debug|x86
		{14924C61-0135-4B3C-91B5-C660EAD69242}.Debug|Mixed Platforms.Build.0 = Debug|x86
		{14924C61-0135-4B3C-91B5-C660EAD69242}.Debug|x64.ActiveCfg = Debug|x64
		{14924C61-0135-4B3C-91B5-C660EAD69242}.Debug|x64.Build.0 = Debug|x64
		{14924C61-0135-4B3C-91B5-C660EAD69242}.Debug|x86.ActiveCfg = Debug|x86
		{14924C61-0135-4B3C-91B5-C660EAD69242}.Debug|x86.Build.0 = Debug|x86
		{14924C61-0135-4B3C-91B5-C660EAD69242}.Release|Any CPU.ActiveCfg = Release|Any CPU
		{14924C61-0135-4B3C-91B5-C660EAD69242}.Release|Any CPU.Build.0 = Release|Any CPU
		{14924C61-0135-4B3C-91B5-C660EAD69242}.Release|Mixed Platforms.ActiveCfg = Release|x86
		{14924C61-0135-4B3C-91B5-C660EAD69242}.Release|Mixed Platforms.Build.0 = Release|x86
		{14924C61-0135-4B3C-91B5-C660EAD69242}.Release|x64.ActiveCfg = Release|x64
		{14924C61-0135-4B3C-91B5-C660EAD69242}.Release|x64.Build.0 = Release|x64
		{14924C61-0135-4B3C-91B5-C660EAD69242}.Release|x86.ActiveCfg = Release|x86
		{14924C61-0135-4B3C-91B5-C660EAD69242}.Release|x86.Build.0 = Release|x86
		{61408BD8-E01E-4D99-A6D7-D07F045E2DD7}.Debug|Any CPU.ActiveCfg = Debug|Any CPU
		{61408BD8-E01E-4D99-A6D7-D07F045E2DD7}.Debug|Any CPU.Build.0 = Debug|Any CPU
		{61408BD8-E01E-4D99-A6D7-D07F045E2DD7}.Debug|Mixed Platforms.ActiveCfg = Debug|x86
		{61408BD8-E01E-4D99-A6D7-D07F045E2DD7}.Debug|Mixed Platforms.Build.0 = Debug|x86
		{61408BD8-E01E-4D99-A6D7-D07F045E2DD7}.Debug|x64.ActiveCfg = Debug|x64
		{61408BD8-E01E-4D99-A6D7-D07F045E2DD7}.Debug|x64.Build.0 = Debug|x64
		{61408BD8-E01E-4D99-A6D7-D07F045E2DD7}.Debug|x86.ActiveCfg = Debug|x86
		{61408BD8-E01E-4D99-A6D7-D07F045E2DD7}.Debug|x86.Build.0 = Debug|x86
		{61408BD8-E01E-4D99-A6D7-D07F045E2DD7}.Release|Any CPU.ActiveCfg = Release|Any CPU
		{61408BD8-E01E-4D99-A6D7-D07F045E2DD7}.Release|Any CPU.Build.0 = Release|Any CPU
		{61408BD8-E01E-4D99-A6D7-D07F045E2DD7}.Release|Mixed Platforms.ActiveCfg = Release|x86
		{61408BD8-E01E-4D99-A6D7-D07F045E2DD7}.Release|Mixed Platforms.Build.0 = Release|x86
		{61408BD8-E01E-4D99-A6D7-D07F045E2DD7}.Release|x64.ActiveCfg = Release|x64
		{61408BD8-E01E-4D99-A6D7-D07F045E2DD7}.Release|x64.Build.0 = Release|x64
		{61408BD8-E01E-4D99-A6D7-D07F045E2DD7}.Release|x86.ActiveCfg = Release|x86
		{61408BD8-E01E-4D99-A6D7-D07F045E2DD7}.Release|x86.Build.0 = Release|x86
		{5696A27F-C21C-43E3-B25F-0AA482E09E34}.Debug|Any CPU.ActiveCfg = Debug|Any CPU
		{5696A27F-C21C-43E3-B25F-0AA482E09E34}.Debug|Any CPU.Build.0 = Debug|Any CPU
		{5696A27F-C21C-43E3-B25F-0AA482E09E34}.Debug|Mixed Platforms.ActiveCfg = Debug|x86
		{5696A27F-C21C-43E3-B25F-0AA482E09E34}.Debug|Mixed Platforms.Build.0 = Debug|x86
		{5696A27F-C21C-43E3-B25F-0AA482E09E34}.Debug|x64.ActiveCfg = Debug|x64
		{5696A27F-C21C-43E3-B25F-0AA482E09E34}.Debug|x64.Build.0 = Debug|x64
		{5696A27F-C21C-43E3-B25F-0AA482E09E34}.Debug|x86.ActiveCfg = Debug|x86
		{5696A27F-C21C-43E3-B25F-0AA482E09E34}.Debug|x86.Build.0 = Debug|x86
		{5696A27F-C21C-43E3-B25F-0AA482E09E34}.Release|Any CPU.ActiveCfg = Release|Any CPU
		{5696A27F-C21C-43E3-B25F-0AA482E09E34}.Release|Any CPU.Build.0 = Release|Any CPU
		{5696A27F-C21C-43E3-B25F-0AA482E09E34}.Release|Mixed Platforms.ActiveCfg = Release|x86
		{5696A27F-C21C-43E3-B25F-0AA482E09E34}.Release|Mixed Platforms.Build.0 = Release|x86
		{5696A27F-C21C-43E3-B25F-0AA482E09E34}.Release|x64.ActiveCfg = Release|x64
		{5696A27F-C21C-43E3-B25F-0AA482E09E34}.Release|x64.Build.0 = Release|x64
		{5696A27F-C21C-43E3-B25F-0AA482E09E34}.Release|x86.ActiveCfg = Release|x86
		{5696A27F-C21C-43E3-B25F-0AA482E09E34}.Release|x86.Build.0 = Release|x86
		{A7D312DC-D8E5-494B-BAD8-5FC8D854256B}.Debug|Any CPU.ActiveCfg = Debug|Any CPU
		{A7D312DC-D8E5-494B-BAD8-5FC8D854256B}.Debug|Any CPU.Build.0 = Debug|Any CPU
		{A7D312DC-D8E5-494B-BAD8-5FC8D854256B}.Debug|Mixed Platforms.ActiveCfg = Debug|x86
		{A7D312DC-D8E5-494B-BAD8-5FC8D854256B}.Debug|Mixed Platforms.Build.0 = Debug|x86
		{A7D312DC-D8E5-494B-BAD8-5FC8D854256B}.Debug|x64.ActiveCfg = Debug|x64
		{A7D312DC-D8E5-494B-BAD8-5FC8D854256B}.Debug|x64.Build.0 = Debug|x64
		{A7D312DC-D8E5-494B-BAD8-5FC8D854256B}.Debug|x86.ActiveCfg = Debug|x86
		{A7D312DC-D8E5-494B-BAD8-5FC8D854256B}.Debug|x86.Build.0 = Debug|x86
		{A7D312DC-D8E5-494B-BAD8-5FC8D854256B}.Release|Any CPU.ActiveCfg = Release|Any CPU
		{A7D312DC-D8E5-494B-BAD8-5FC8D854256B}.Release|Any CPU.Build.0 = Release|Any CPU
		{A7D312DC-D8E5-494B-BAD8-5FC8D854256B}.Release|Mixed Platforms.ActiveCfg = Release|x86
		{A7D312DC-D8E5-494B-BAD8-5FC8D854256B}.Release|Mixed Platforms.Build.0 = Release|x86
		{A7D312DC-D8E5-494B-BAD8-5FC8D854256B}.Release|x64.ActiveCfg = Release|x64
		{A7D312DC-D8E5-494B-BAD8-5FC8D854256B}.Release|x64.Build.0 = Release|x64
		{A7D312DC-D8E5-494B-BAD8-5FC8D854256B}.Release|x86.ActiveCfg = Release|x86
		{A7D312DC-D8E5-494B-BAD8-5FC8D854256B}.Release|x86.Build.0 = Release|x86
		{A6CB91FD-0A95-419C-94B5-B79441857092}.Debug|Any CPU.ActiveCfg = Debug|Any CPU
		{A6CB91FD-0A95-419C-94B5-B79441857092}.Debug|Any CPU.Build.0 = Debug|Any CPU
		{A6CB91FD-0A95-419C-94B5-B79441857092}.Debug|Mixed Platforms.ActiveCfg = Debug|x86
		{A6CB91FD-0A95-419C-94B5-B79441857092}.Debug|Mixed Platforms.Build.0 = Debug|x86
		{A6CB91FD-0A95-419C-94B5-B79441857092}.Debug|x64.ActiveCfg = Debug|x64
		{A6CB91FD-0A95-419C-94B5-B79441857092}.Debug|x64.Build.0 = Debug|x64
		{A6CB91FD-0A95-419C-94B5-B79441857092}.Debug|x86.ActiveCfg = Debug|x86
		{A6CB91FD-0A95-419C-94B5-B79441857092}.Debug|x86.Build.0 = Debug|x86
		{A6CB91FD-0A95-419C-94B5-B79441857092}.Release|Any CPU.ActiveCfg = Release|Any CPU
		{A6CB91FD-0A95-419C-94B5-B79441857092}.Release|Any CPU.Build.0 = Release|Any CPU
		{A6CB91FD-0A95-419C-94B5-B79441857092}.Release|Mixed Platforms.ActiveCfg = Release|x86
		{A6CB91FD-0A95-419C-94B5-B79441857092}.Release|Mixed Platforms.Build.0 = Release|x86
		{A6CB91FD-0A95-419C-94B5-B79441857092}.Release|x64.ActiveCfg = Release|x64
		{A6CB91FD-0A95-419C-94B5-B79441857092}.Release|x64.Build.0 = Release|x64
		{A6CB91FD-0A95-419C-94B5-B79441857092}.Release|x86.ActiveCfg = Release|x86
		{A6CB91FD-0A95-419C-94B5-B79441857092}.Release|x86.Build.0 = Release|x86
		{A4C970AC-B6DA-45EA-BDEC-6AD091B7567D}.Debug|Any CPU.ActiveCfg = Debug|Any CPU
		{A4C970AC-B6DA-45EA-BDEC-6AD091B7567D}.Debug|Any CPU.Build.0 = Debug|Any CPU
		{A4C970AC-B6DA-45EA-BDEC-6AD091B7567D}.Debug|Mixed Platforms.ActiveCfg = Debug|x86
		{A4C970AC-B6DA-45EA-BDEC-6AD091B7567D}.Debug|Mixed Platforms.Build.0 = Debug|x86
		{A4C970AC-B6DA-45EA-BDEC-6AD091B7567D}.Debug|x64.ActiveCfg = Debug|x64
		{A4C970AC-B6DA-45EA-BDEC-6AD091B7567D}.Debug|x64.Build.0 = Debug|x64
		{A4C970AC-B6DA-45EA-BDEC-6AD091B7567D}.Debug|x86.ActiveCfg = Debug|x86
		{A4C970AC-B6DA-45EA-BDEC-6AD091B7567D}.Debug|x86.Build.0 = Debug|x86
		{A4C970AC-B6DA-45EA-BDEC-6AD091B7567D}.Release|Any CPU.ActiveCfg = Release|Any CPU
		{A4C970AC-B6DA-45EA-BDEC-6AD091B7567D}.Release|Any CPU.Build.0 = Release|Any CPU
		{A4C970AC-B6DA-45EA-BDEC-6AD091B7567D}.Release|Mixed Platforms.ActiveCfg = Release|x86
		{A4C970AC-B6DA-45EA-BDEC-6AD091B7567D}.Release|Mixed Platforms.Build.0 = Release|x86
		{A4C970AC-B6DA-45EA-BDEC-6AD091B7567D}.Release|x64.ActiveCfg = Release|x64
		{A4C970AC-B6DA-45EA-BDEC-6AD091B7567D}.Release|x64.Build.0 = Release|x64
		{A4C970AC-B6DA-45EA-BDEC-6AD091B7567D}.Release|x86.ActiveCfg = Release|x86
		{A4C970AC-B6DA-45EA-BDEC-6AD091B7567D}.Release|x86.Build.0 = Release|x86
		{70F3A52E-AD69-4D80-A59A-86231D5F5167}.Debug|Any CPU.ActiveCfg = Debug|Any CPU
		{70F3A52E-AD69-4D80-A59A-86231D5F5167}.Debug|Any CPU.Build.0 = Debug|Any CPU
		{70F3A52E-AD69-4D80-A59A-86231D5F5167}.Debug|Mixed Platforms.ActiveCfg = Debug|x86
		{70F3A52E-AD69-4D80-A59A-86231D5F5167}.Debug|Mixed Platforms.Build.0 = Debug|x86
		{70F3A52E-AD69-4D80-A59A-86231D5F5167}.Debug|x64.ActiveCfg = Debug|x64
		{70F3A52E-AD69-4D80-A59A-86231D5F5167}.Debug|x64.Build.0 = Debug|x64
		{70F3A52E-AD69-4D80-A59A-86231D5F5167}.Debug|x86.ActiveCfg = Debug|x86
		{70F3A52E-AD69-4D80-A59A-86231D5F5167}.Debug|x86.Build.0 = Debug|x86
		{70F3A52E-AD69-4D80-A59A-86231D5F5167}.Release|Any CPU.ActiveCfg = Release|Any CPU
		{70F3A52E-AD69-4D80-A59A-86231D5F5167}.Release|Any CPU.Build.0 = Release|Any CPU
		{70F3A52E-AD69-4D80-A59A-86231D5F5167}.Release|Mixed Platforms.ActiveCfg = Release|x86
		{70F3A52E-AD69-4D80-A59A-86231D5F5167}.Release|Mixed Platforms.Build.0 = Release|x86
		{70F3A52E-AD69-4D80-A59A-86231D5F5167}.Release|x64.ActiveCfg = Release|x64
		{70F3A52E-AD69-4D80-A59A-86231D5F5167}.Release|x64.Build.0 = Release|x64
		{70F3A52E-AD69-4D80-A59A-86231D5F5167}.Release|x86.ActiveCfg = Release|x86
		{70F3A52E-AD69-4D80-A59A-86231D5F5167}.Release|x86.Build.0 = Release|x86
		{D2D31ABF-44B8-4963-8ED0-6DB9E8CB01C7}.Debug|Any CPU.ActiveCfg = Debug|Any CPU
		{D2D31ABF-44B8-4963-8ED0-6DB9E8CB01C7}.Debug|Any CPU.Build.0 = Debug|Any CPU
		{D2D31ABF-44B8-4963-8ED0-6DB9E8CB01C7}.Debug|Mixed Platforms.ActiveCfg = Debug|x86
		{D2D31ABF-44B8-4963-8ED0-6DB9E8CB01C7}.Debug|Mixed Platforms.Build.0 = Debug|x86
		{D2D31ABF-44B8-4963-8ED0-6DB9E8CB01C7}.Debug|x64.ActiveCfg = Debug|x64
		{D2D31ABF-44B8-4963-8ED0-6DB9E8CB01C7}.Debug|x64.Build.0 = Debug|x64
		{D2D31ABF-44B8-4963-8ED0-6DB9E8CB01C7}.Debug|x86.ActiveCfg = Debug|x86
		{D2D31ABF-44B8-4963-8ED0-6DB9E8CB01C7}.Debug|x86.Build.0 = Debug|x86
		{D2D31ABF-44B8-4963-8ED0-6DB9E8CB01C7}.Release|Any CPU.ActiveCfg = Release|Any CPU
		{D2D31ABF-44B8-4963-8ED0-6DB9E8CB01C7}.Release|Any CPU.Build.0 = Release|Any CPU
		{D2D31ABF-44B8-4963-8ED0-6DB9E8CB01C7}.Release|Mixed Platforms.ActiveCfg = Release|x86
		{D2D31ABF-44B8-4963-8ED0-6DB9E8CB01C7}.Release|Mixed Platforms.Build.0 = Release|x86
		{D2D31ABF-44B8-4963-8ED0-6DB9E8CB01C7}.Release|x64.ActiveCfg = Release|x64
		{D2D31ABF-44B8-4963-8ED0-6DB9E8CB01C7}.Release|x64.Build.0 = Release|x64
		{D2D31ABF-44B8-4963-8ED0-6DB9E8CB01C7}.Release|x86.ActiveCfg = Release|x86
		{D2D31ABF-44B8-4963-8ED0-6DB9E8CB01C7}.Release|x86.Build.0 = Release|x86
		{018EE86A-BE88-4034-9D0E-4C58EDA3509B}.Debug|Any CPU.ActiveCfg = Debug|Any CPU
		{018EE86A-BE88-4034-9D0E-4C58EDA3509B}.Debug|Any CPU.Build.0 = Debug|Any CPU
		{018EE86A-BE88-4034-9D0E-4C58EDA3509B}.Debug|Mixed Platforms.ActiveCfg = Debug|x86
		{018EE86A-BE88-4034-9D0E-4C58EDA3509B}.Debug|Mixed Platforms.Build.0 = Debug|x86
		{018EE86A-BE88-4034-9D0E-4C58EDA3509B}.Debug|x64.ActiveCfg = Debug|x64
		{018EE86A-BE88-4034-9D0E-4C58EDA3509B}.Debug|x64.Build.0 = Debug|x64
		{018EE86A-BE88-4034-9D0E-4C58EDA3509B}.Debug|x86.ActiveCfg = Debug|x86
		{018EE86A-BE88-4034-9D0E-4C58EDA3509B}.Debug|x86.Build.0 = Debug|x86
		{018EE86A-BE88-4034-9D0E-4C58EDA3509B}.Release|Any CPU.ActiveCfg = Release|Any CPU
		{018EE86A-BE88-4034-9D0E-4C58EDA3509B}.Release|Any CPU.Build.0 = Release|Any CPU
		{018EE86A-BE88-4034-9D0E-4C58EDA3509B}.Release|Mixed Platforms.ActiveCfg = Release|x86
		{018EE86A-BE88-4034-9D0E-4C58EDA3509B}.Release|Mixed Platforms.Build.0 = Release|x86
		{018EE86A-BE88-4034-9D0E-4C58EDA3509B}.Release|x64.ActiveCfg = Release|x64
		{018EE86A-BE88-4034-9D0E-4C58EDA3509B}.Release|x86.ActiveCfg = Release|x86
		{018EE86A-BE88-4034-9D0E-4C58EDA3509B}.Release|x86.Build.0 = Release|x86
		{4BAD6CFD-1008-4857-A6FC-00F636098839}.Debug|Any CPU.ActiveCfg = Debug|Any CPU
		{4BAD6CFD-1008-4857-A6FC-00F636098839}.Debug|Any CPU.Build.0 = Debug|Any CPU
		{4BAD6CFD-1008-4857-A6FC-00F636098839}.Debug|Mixed Platforms.ActiveCfg = Debug|x86
		{4BAD6CFD-1008-4857-A6FC-00F636098839}.Debug|Mixed Platforms.Build.0 = Debug|x86
		{4BAD6CFD-1008-4857-A6FC-00F636098839}.Debug|x64.ActiveCfg = Debug|x64
		{4BAD6CFD-1008-4857-A6FC-00F636098839}.Debug|x64.Build.0 = Debug|x64
		{4BAD6CFD-1008-4857-A6FC-00F636098839}.Debug|x86.ActiveCfg = Debug|x86
		{4BAD6CFD-1008-4857-A6FC-00F636098839}.Debug|x86.Build.0 = Debug|x86
		{4BAD6CFD-1008-4857-A6FC-00F636098839}.Release|Any CPU.ActiveCfg = Release|Any CPU
		{4BAD6CFD-1008-4857-A6FC-00F636098839}.Release|Any CPU.Build.0 = Release|Any CPU
		{4BAD6CFD-1008-4857-A6FC-00F636098839}.Release|Mixed Platforms.ActiveCfg = Release|Any CPU
		{4BAD6CFD-1008-4857-A6FC-00F636098839}.Release|Mixed Platforms.Build.0 = Release|Any CPU
		{4BAD6CFD-1008-4857-A6FC-00F636098839}.Release|x64.ActiveCfg = Release|x64
		{4BAD6CFD-1008-4857-A6FC-00F636098839}.Release|x64.Build.0 = Release|x64
		{4BAD6CFD-1008-4857-A6FC-00F636098839}.Release|x86.ActiveCfg = Release|x86
		{4BAD6CFD-1008-4857-A6FC-00F636098839}.Release|x86.Build.0 = Release|x86
		{BDE6F789-021E-45F4-9DFA-5B819597F0BE}.Debug|Any CPU.ActiveCfg = Debug|Any CPU
		{BDE6F789-021E-45F4-9DFA-5B819597F0BE}.Debug|Any CPU.Build.0 = Debug|Any CPU
		{BDE6F789-021E-45F4-9DFA-5B819597F0BE}.Debug|Mixed Platforms.ActiveCfg = Debug|x86
		{BDE6F789-021E-45F4-9DFA-5B819597F0BE}.Debug|Mixed Platforms.Build.0 = Debug|x86
		{BDE6F789-021E-45F4-9DFA-5B819597F0BE}.Debug|x64.ActiveCfg = Debug|x64
		{BDE6F789-021E-45F4-9DFA-5B819597F0BE}.Debug|x64.Build.0 = Debug|x64
		{BDE6F789-021E-45F4-9DFA-5B819597F0BE}.Debug|x86.ActiveCfg = Debug|x86
		{BDE6F789-021E-45F4-9DFA-5B819597F0BE}.Debug|x86.Build.0 = Debug|x86
		{BDE6F789-021E-45F4-9DFA-5B819597F0BE}.Release|Any CPU.ActiveCfg = Release|Any CPU
		{BDE6F789-021E-45F4-9DFA-5B819597F0BE}.Release|Any CPU.Build.0 = Release|Any CPU
		{BDE6F789-021E-45F4-9DFA-5B819597F0BE}.Release|Mixed Platforms.ActiveCfg = Release|x86
		{BDE6F789-021E-45F4-9DFA-5B819597F0BE}.Release|Mixed Platforms.Build.0 = Release|x86
		{BDE6F789-021E-45F4-9DFA-5B819597F0BE}.Release|x64.ActiveCfg = Release|x64
		{BDE6F789-021E-45F4-9DFA-5B819597F0BE}.Release|x64.Build.0 = Release|x64
		{BDE6F789-021E-45F4-9DFA-5B819597F0BE}.Release|x86.ActiveCfg = Release|x86
		{BDE6F789-021E-45F4-9DFA-5B819597F0BE}.Release|x86.Build.0 = Release|x86
	EndGlobalSection
	GlobalSection(SolutionProperties) = preSolution
		HideSolutionNode = FALSE
	EndGlobalSection
	GlobalSection(NestedProjects) = preSolution
		{B4AC81C7-D468-46AA-AC75-BACD883630BA} = {EB463AFF-7004-449C-9E9F-0EAAA5203A5E}
		{FD65A3BA-578E-4311-B5CD-9788ECE549BE} = {EB463AFF-7004-449C-9E9F-0EAAA5203A5E}
		{5696A27F-C21C-43E3-B25F-0AA482E09E34} = {EB463AFF-7004-449C-9E9F-0EAAA5203A5E}
		{A6CB91FD-0A95-419C-94B5-B79441857092} = {EB463AFF-7004-449C-9E9F-0EAAA5203A5E}
		{A4C970AC-B6DA-45EA-BDEC-6AD091B7567D} = {EB463AFF-7004-449C-9E9F-0EAAA5203A5E}
		{018EE86A-BE88-4034-9D0E-4C58EDA3509B} = {EB463AFF-7004-449C-9E9F-0EAAA5203A5E}
	EndGlobalSection
	GlobalSection(ExtensibilityGlobals) = postSolution
		SolutionGuid = {91586A34-615D-446C-B36A-A0370D066BE0}
	EndGlobalSection
EndGlobal
